
Microsoft Visual Studio Solution File, Format Version 12.00
# Visual Studio Version 17
VisualStudioVersion = 17.13.35818.85 d17.13
MinimumVisualStudioVersion = 10.0.40219.1
Project("{FAE04EC0-301F-11D3-BF4B-00C04F79EFBC}") = "Aula01Variaveis", "ConsoleApp1\Aula01Variaveis.csproj", "{82677E7B-4A28-4D00-AFED-E81B97CCBEB0}"
EndProject
Global
	GlobalSection(SolutionConfigurationPlatforms) = preSolution
		Debug|Any CPU = Debug|Any CPU
		Release|Any CPU = Release|Any CPU
	EndGlobalSection
	GlobalSection(ProjectConfigurationPlatforms) = postSolution
		{82677E7B-4A28-4D00-AFED-E81B97CCBEB0}.Debug|Any CPU.ActiveCfg = Debug|Any CPU
		{82677E7B-4A28-4D00-AFED-E81B97CCBEB0}.Debug|Any CPU.Build.0 = Debug|Any CPU
		{82677E7B-4A28-4D00-AFED-E81B97CCBEB0}.Release|Any CPU.ActiveCfg = Release|Any CPU
		{82677E7B-4A28-4D00-AFED-E81B97CCBEB0}.Release|Any CPU.Build.0 = Release|Any CPU
	EndGlobalSection
	GlobalSection(SolutionProperties) = preSolution
		HideSolutionNode = FALSE
	EndGlobalSection
	GlobalSection(ExtensibilityGlobals) = postSolution
		SolutionGuid = {A9BC66C9-C56C-4DB7-8845-5B78AB6CD983}
	EndGlobalSection
EndGlobal
